// !$*UTF8*$!
{
	archiveVersion = 1;
	classes = {
	};
	objectVersion = 46;
	objects = {

/* Begin PBXBuildFile section */
		DD6C1FE71C762DCD00212B17 /* main.m in Sources */ = {isa = PBXBuildFile; fileRef = DD6C1FE61C762DCD00212B17 /* main.m */; };
		DD6C1FEA1C762DCD00212B17 /* AppDelegate.m in Sources */ = {isa = PBXBuildFile; fileRef = DD6C1FE91C762DCD00212B17 /* AppDelegate.m */; };
		DD6C1FED1C762DCD00212B17 /* ViewController.m in Sources */ = {isa = PBXBuildFile; fileRef = DD6C1FEC1C762DCD00212B17 /* ViewController.m */; };
		DD6C1FF01C762DCD00212B17 /* Main.storyboard in Resources */ = {isa = PBXBuildFile; fileRef = DD6C1FEE1C762DCD00212B17 /* Main.storyboard */; };
		DD6C1FF21C762DCD00212B17 /* Assets.xcassets in Resources */ = {isa = PBXBuildFile; fileRef = DD6C1FF11C762DCD00212B17 /* Assets.xcassets */; };
		DD6C1FF51C762DCD00212B17 /* LaunchScreen.storyboard in Resources */ = {isa = PBXBuildFile; fileRef = DD6C1FF31C762DCD00212B17 /* LaunchScreen.storyboard */; };
		DD6C20001C762DCD00212B17 /* WatchToDroneTests.m in Sources */ = {isa = PBXBuildFile; fileRef = DD6C1FFF1C762DCD00212B17 /* WatchToDroneTests.m */; };
		DD6C200B1C762DCD00212B17 /* WatchToDroneUITests.m in Sources */ = {isa = PBXBuildFile; fileRef = DD6C200A1C762DCD00212B17 /* WatchToDroneUITests.m */; };
		DD6C20101C762DCD00212B17 /* WatchToDrone WatchKit App.app in Embed Watch Content */ = {isa = PBXBuildFile; fileRef = DD6C200F1C762DCD00212B17 /* WatchToDrone WatchKit App.app */; };
		DD6C20161C762DCD00212B17 /* Interface.storyboard in Resources */ = {isa = PBXBuildFile; fileRef = DD6C20141C762DCD00212B17 /* Interface.storyboard */; };
		DD6C20181C762DCD00212B17 /* Assets.xcassets in Resources */ = {isa = PBXBuildFile; fileRef = DD6C20171C762DCD00212B17 /* Assets.xcassets */; };
		DD6C201F1C762DCD00212B17 /* WatchToDrone WatchKit Extension.appex in Embed App Extensions */ = {isa = PBXBuildFile; fileRef = DD6C201E1C762DCD00212B17 /* WatchToDrone WatchKit Extension.appex */; settings = {ATTRIBUTES = (RemoveHeadersOnCopy, ); }; };
		DD6C20251C762DCD00212B17 /* InterfaceController.m in Sources */ = {isa = PBXBuildFile; fileRef = DD6C20241C762DCD00212B17 /* InterfaceController.m */; };
		DD6C20281C762DCD00212B17 /* ExtensionDelegate.m in Sources */ = {isa = PBXBuildFile; fileRef = DD6C20271C762DCD00212B17 /* ExtensionDelegate.m */; };
		DD6C202A1C762DCD00212B17 /* Assets.xcassets in Resources */ = {isa = PBXBuildFile; fileRef = DD6C20291C762DCD00212B17 /* Assets.xcassets */; };
		DD6C20411C76443D00212B17 /* PilotingViewController.m in Sources */ = {isa = PBXBuildFile; fileRef = DD6C20401C76443D00212B17 /* PilotingViewController.m */; };
		DD6C20441C764BB000212B17 /* DroneManager.m in Sources */ = {isa = PBXBuildFile; fileRef = DD6C20431C764BB000212B17 /* DroneManager.m */; };
/* End PBXBuildFile section */

/* Begin PBXContainerItemProxy section */
		DD6C1FFC1C762DCD00212B17 /* PBXContainerItemProxy */ = {
			isa = PBXContainerItemProxy;
			containerPortal = DD6C1FDA1C762DCC00212B17 /* Project object */;
			proxyType = 1;
			remoteGlobalIDString = DD6C1FE11C762DCC00212B17;
			remoteInfo = WatchToDrone;
		};
		DD6C20071C762DCD00212B17 /* PBXContainerItemProxy */ = {
			isa = PBXContainerItemProxy;
			containerPortal = DD6C1FDA1C762DCC00212B17 /* Project object */;
			proxyType = 1;
			remoteGlobalIDString = DD6C1FE11C762DCC00212B17;
			remoteInfo = WatchToDrone;
		};
		DD6C20111C762DCD00212B17 /* PBXContainerItemProxy */ = {
			isa = PBXContainerItemProxy;
			containerPortal = DD6C1FDA1C762DCC00212B17 /* Project object */;
			proxyType = 1;
			remoteGlobalIDString = DD6C200E1C762DCD00212B17;
			remoteInfo = "WatchToDrone WatchKit App";
		};
		DD6C20201C762DCD00212B17 /* PBXContainerItemProxy */ = {
			isa = PBXContainerItemProxy;
			containerPortal = DD6C1FDA1C762DCC00212B17 /* Project object */;
			proxyType = 1;
			remoteGlobalIDString = DD6C201D1C762DCD00212B17;
			remoteInfo = "WatchToDrone WatchKit Extension";
		};
/* End PBXContainerItemProxy section */

/* Begin PBXCopyFilesBuildPhase section */
		DD6C20311C762DCD00212B17 /* Embed App Extensions */ = {
			isa = PBXCopyFilesBuildPhase;
			buildActionMask = 2147483647;
			dstPath = "";
			dstSubfolderSpec = 13;
			files = (
				DD6C201F1C762DCD00212B17 /* WatchToDrone WatchKit Extension.appex in Embed App Extensions */,
			);
			name = "Embed App Extensions";
			runOnlyForDeploymentPostprocessing = 0;
		};
		DD6C20351C762DCD00212B17 /* Embed Watch Content */ = {
			isa = PBXCopyFilesBuildPhase;
			buildActionMask = 2147483647;
			dstPath = "$(CONTENTS_FOLDER_PATH)/Watch";
			dstSubfolderSpec = 16;
			files = (
				DD6C20101C762DCD00212B17 /* WatchToDrone WatchKit App.app in Embed Watch Content */,
			);
			name = "Embed Watch Content";
			runOnlyForDeploymentPostprocessing = 0;
		};
/* End PBXCopyFilesBuildPhase section */

/* Begin PBXFileReference section */
		DD6C1FE21C762DCC00212B17 /* WatchToDrone.app */ = {isa = PBXFileReference; explicitFileType = wrapper.application; includeInIndex = 0; path = WatchToDrone.app; sourceTree = BUILT_PRODUCTS_DIR; };
		DD6C1FE61C762DCD00212B17 /* main.m */ = {isa = PBXFileReference; lastKnownFileType = sourcecode.c.objc; path = main.m; sourceTree = "<group>"; };
		DD6C1FE81C762DCD00212B17 /* AppDelegate.h */ = {isa = PBXFileReference; lastKnownFileType = sourcecode.c.h; path = AppDelegate.h; sourceTree = "<group>"; };
		DD6C1FE91C762DCD00212B17 /* AppDelegate.m */ = {isa = PBXFileReference; lastKnownFileType = sourcecode.c.objc; path = AppDelegate.m; sourceTree = "<group>"; };
		DD6C1FEB1C762DCD00212B17 /* ViewController.h */ = {isa = PBXFileReference; lastKnownFileType = sourcecode.c.h; path = ViewController.h; sourceTree = "<group>"; };
		DD6C1FEC1C762DCD00212B17 /* ViewController.m */ = {isa = PBXFileReference; lastKnownFileType = sourcecode.c.objc; path = ViewController.m; sourceTree = "<group>"; };
		DD6C1FEF1C762DCD00212B17 /* Base */ = {isa = PBXFileReference; lastKnownFileType = file.storyboard; name = Base; path = Base.lproj/Main.storyboard; sourceTree = "<group>"; };
		DD6C1FF11C762DCD00212B17 /* Assets.xcassets */ = {isa = PBXFileReference; lastKnownFileType = folder.assetcatalog; path = Assets.xcassets; sourceTree = "<group>"; };
		DD6C1FF41C762DCD00212B17 /* Base */ = {isa = PBXFileReference; lastKnownFileType = file.storyboard; name = Base; path = Base.lproj/LaunchScreen.storyboard; sourceTree = "<group>"; };
		DD6C1FF61C762DCD00212B17 /* Info.plist */ = {isa = PBXFileReference; lastKnownFileType = text.plist.xml; path = Info.plist; sourceTree = "<group>"; };
		DD6C1FFB1C762DCD00212B17 /* WatchToDroneTests.xctest */ = {isa = PBXFileReference; explicitFileType = wrapper.cfbundle; includeInIndex = 0; path = WatchToDroneTests.xctest; sourceTree = BUILT_PRODUCTS_DIR; };
		DD6C1FFF1C762DCD00212B17 /* WatchToDroneTests.m */ = {isa = PBXFileReference; lastKnownFileType = sourcecode.c.objc; path = WatchToDroneTests.m; sourceTree = "<group>"; };
		DD6C20011C762DCD00212B17 /* Info.plist */ = {isa = PBXFileReference; lastKnownFileType = text.plist.xml; path = Info.plist; sourceTree = "<group>"; };
		DD6C20061C762DCD00212B17 /* WatchToDroneUITests.xctest */ = {isa = PBXFileReference; explicitFileType = wrapper.cfbundle; includeInIndex = 0; path = WatchToDroneUITests.xctest; sourceTree = BUILT_PRODUCTS_DIR; };
		DD6C200A1C762DCD00212B17 /* WatchToDroneUITests.m */ = {isa = PBXFileReference; lastKnownFileType = sourcecode.c.objc; path = WatchToDroneUITests.m; sourceTree = "<group>"; };
		DD6C200C1C762DCD00212B17 /* Info.plist */ = {isa = PBXFileReference; lastKnownFileType = text.plist.xml; path = Info.plist; sourceTree = "<group>"; };
		DD6C200F1C762DCD00212B17 /* WatchToDrone WatchKit App.app */ = {isa = PBXFileReference; explicitFileType = wrapper.application; includeInIndex = 0; path = "WatchToDrone WatchKit App.app"; sourceTree = BUILT_PRODUCTS_DIR; };
		DD6C20151C762DCD00212B17 /* Base */ = {isa = PBXFileReference; lastKnownFileType = file.storyboard; name = Base; path = Base.lproj/Interface.storyboard; sourceTree = "<group>"; };
		DD6C20171C762DCD00212B17 /* Assets.xcassets */ = {isa = PBXFileReference; lastKnownFileType = folder.assetcatalog; path = Assets.xcassets; sourceTree = "<group>"; };
		DD6C20191C762DCD00212B17 /* Info.plist */ = {isa = PBXFileReference; lastKnownFileType = text.plist.xml; path = Info.plist; sourceTree = "<group>"; };
		DD6C201E1C762DCD00212B17 /* WatchToDrone WatchKit Extension.appex */ = {isa = PBXFileReference; explicitFileType = "wrapper.app-extension"; includeInIndex = 0; path = "WatchToDrone WatchKit Extension.appex"; sourceTree = BUILT_PRODUCTS_DIR; };
		DD6C20231C762DCD00212B17 /* InterfaceController.h */ = {isa = PBXFileReference; lastKnownFileType = sourcecode.c.h; path = InterfaceController.h; sourceTree = "<group>"; };
		DD6C20241C762DCD00212B17 /* InterfaceController.m */ = {isa = PBXFileReference; lastKnownFileType = sourcecode.c.objc; path = InterfaceController.m; sourceTree = "<group>"; };
		DD6C20261C762DCD00212B17 /* ExtensionDelegate.h */ = {isa = PBXFileReference; lastKnownFileType = sourcecode.c.h; path = ExtensionDelegate.h; sourceTree = "<group>"; };
		DD6C20271C762DCD00212B17 /* ExtensionDelegate.m */ = {isa = PBXFileReference; lastKnownFileType = sourcecode.c.objc; path = ExtensionDelegate.m; sourceTree = "<group>"; };
		DD6C20291C762DCD00212B17 /* Assets.xcassets */ = {isa = PBXFileReference; lastKnownFileType = folder.assetcatalog; path = Assets.xcassets; sourceTree = "<group>"; };
		DD6C202B1C762DCD00212B17 /* Info.plist */ = {isa = PBXFileReference; lastKnownFileType = text.plist.xml; path = Info.plist; sourceTree = "<group>"; };
		DD6C203F1C76443D00212B17 /* PilotingViewController.h */ = {isa = PBXFileReference; fileEncoding = 4; lastKnownFileType = sourcecode.c.h; path = PilotingViewController.h; sourceTree = "<group>"; };
		DD6C20401C76443D00212B17 /* PilotingViewController.m */ = {isa = PBXFileReference; fileEncoding = 4; lastKnownFileType = sourcecode.c.objc; path = PilotingViewController.m; sourceTree = "<group>"; };
		DD6C20421C764BB000212B17 /* DroneManager.h */ = {isa = PBXFileReference; fileEncoding = 4; lastKnownFileType = sourcecode.c.h; path = DroneManager.h; sourceTree = "<group>"; };
		DD6C20431C764BB000212B17 /* DroneManager.m */ = {isa = PBXFileReference; fileEncoding = 4; lastKnownFileType = sourcecode.c.objc; path = DroneManager.m; sourceTree = "<group>"; };
/* End PBXFileReference section */

/* Begin PBXFrameworksBuildPhase section */
		DD6C1FDF1C762DCC00212B17 /* Frameworks */ = {
			isa = PBXFrameworksBuildPhase;
			buildActionMask = 2147483647;
			files = (
			);
			runOnlyForDeploymentPostprocessing = 0;
		};
		DD6C1FF81C762DCD00212B17 /* Frameworks */ = {
			isa = PBXFrameworksBuildPhase;
			buildActionMask = 2147483647;
			files = (
			);
			runOnlyForDeploymentPostprocessing = 0;
		};
		DD6C20031C762DCD00212B17 /* Frameworks */ = {
			isa = PBXFrameworksBuildPhase;
			buildActionMask = 2147483647;
			files = (
			);
			runOnlyForDeploymentPostprocessing = 0;
		};
		DD6C201B1C762DCD00212B17 /* Frameworks */ = {
			isa = PBXFrameworksBuildPhase;
			buildActionMask = 2147483647;
			files = (
			);
			runOnlyForDeploymentPostprocessing = 0;
		};
/* End PBXFrameworksBuildPhase section */

/* Begin PBXGroup section */
		DD6C1FD91C762DCC00212B17 = {
			isa = PBXGroup;
			children = (
				DD6C1FE41C762DCD00212B17 /* WatchToDrone */,
				DD6C1FFE1C762DCD00212B17 /* WatchToDroneTests */,
				DD6C20091C762DCD00212B17 /* WatchToDroneUITests */,
				DD6C20131C762DCD00212B17 /* WatchToDrone WatchKit App */,
				DD6C20221C762DCD00212B17 /* WatchToDrone WatchKit Extension */,
				DD6C1FE31C762DCC00212B17 /* Products */,
			);
			sourceTree = "<group>";
		};
		DD6C1FE31C762DCC00212B17 /* Products */ = {
			isa = PBXGroup;
			children = (
				DD6C1FE21C762DCC00212B17 /* WatchToDrone.app */,
				DD6C1FFB1C762DCD00212B17 /* WatchToDroneTests.xctest */,
				DD6C20061C762DCD00212B17 /* WatchToDroneUITests.xctest */,
				DD6C200F1C762DCD00212B17 /* WatchToDrone WatchKit App.app */,
				DD6C201E1C762DCD00212B17 /* WatchToDrone WatchKit Extension.appex */,
			);
			name = Products;
			sourceTree = "<group>";
		};
		DD6C1FE41C762DCD00212B17 /* WatchToDrone */ = {
			isa = PBXGroup;
			children = (
				DD6C1FE81C762DCD00212B17 /* AppDelegate.h */,
				DD6C1FE91C762DCD00212B17 /* AppDelegate.m */,
				DD6C1FEB1C762DCD00212B17 /* ViewController.h */,
				DD6C1FEC1C762DCD00212B17 /* ViewController.m */,
				DD6C203F1C76443D00212B17 /* PilotingViewController.h */,
				DD6C20401C76443D00212B17 /* PilotingViewController.m */,
				DD6C20421C764BB000212B17 /* DroneManager.h */,
				DD6C20431C764BB000212B17 /* DroneManager.m */,
				DD6C1FEE1C762DCD00212B17 /* Main.storyboard */,
				DD6C1FF11C762DCD00212B17 /* Assets.xcassets */,
				DD6C1FF31C762DCD00212B17 /* LaunchScreen.storyboard */,
				DD6C1FF61C762DCD00212B17 /* Info.plist */,
				DD6C1FE51C762DCD00212B17 /* Supporting Files */,
			);
			path = WatchToDrone;
			sourceTree = "<group>";
		};
		DD6C1FE51C762DCD00212B17 /* Supporting Files */ = {
			isa = PBXGroup;
			children = (
				DD6C1FE61C762DCD00212B17 /* main.m */,
			);
			name = "Supporting Files";
			sourceTree = "<group>";
		};
		DD6C1FFE1C762DCD00212B17 /* WatchToDroneTests */ = {
			isa = PBXGroup;
			children = (
				DD6C1FFF1C762DCD00212B17 /* WatchToDroneTests.m */,
				DD6C20011C762DCD00212B17 /* Info.plist */,
			);
			path = WatchToDroneTests;
			sourceTree = "<group>";
		};
		DD6C20091C762DCD00212B17 /* WatchToDroneUITests */ = {
			isa = PBXGroup;
			children = (
				DD6C200A1C762DCD00212B17 /* WatchToDroneUITests.m */,
				DD6C200C1C762DCD00212B17 /* Info.plist */,
			);
			path = WatchToDroneUITests;
			sourceTree = "<group>";
		};
		DD6C20131C762DCD00212B17 /* WatchToDrone WatchKit App */ = {
			isa = PBXGroup;
			children = (
				DD6C20141C762DCD00212B17 /* Interface.storyboard */,
				DD6C20171C762DCD00212B17 /* Assets.xcassets */,
				DD6C20191C762DCD00212B17 /* Info.plist */,
			);
			path = "WatchToDrone WatchKit App";
			sourceTree = "<group>";
		};
		DD6C20221C762DCD00212B17 /* WatchToDrone WatchKit Extension */ = {
			isa = PBXGroup;
			children = (
				DD6C20231C762DCD00212B17 /* InterfaceController.h */,
				DD6C20241C762DCD00212B17 /* InterfaceController.m */,
				DD6C20261C762DCD00212B17 /* ExtensionDelegate.h */,
				DD6C20271C762DCD00212B17 /* ExtensionDelegate.m */,
				DD6C20291C762DCD00212B17 /* Assets.xcassets */,
				DD6C202B1C762DCD00212B17 /* Info.plist */,
			);
			path = "WatchToDrone WatchKit Extension";
			sourceTree = "<group>";
		};
/* End PBXGroup section */

/* Begin PBXNativeTarget section */
		DD6C1FE11C762DCC00212B17 /* WatchToDrone */ = {
			isa = PBXNativeTarget;
			buildConfigurationList = DD6C20361C762DCD00212B17 /* Build configuration list for PBXNativeTarget "WatchToDrone" */;
			buildPhases = (
				DD6C1FDE1C762DCC00212B17 /* Sources */,
				DD6C1FDF1C762DCC00212B17 /* Frameworks */,
				DD6C1FE01C762DCC00212B17 /* Resources */,
				DD6C20351C762DCD00212B17 /* Embed Watch Content */,
			);
			buildRules = (
			);
			dependencies = (
				DD6C20121C762DCD00212B17 /* PBXTargetDependency */,
			);
			name = WatchToDrone;
			productName = WatchToDrone;
			productReference = DD6C1FE21C762DCC00212B17 /* WatchToDrone.app */;
			productType = "com.apple.product-type.application";
		};
		DD6C1FFA1C762DCD00212B17 /* WatchToDroneTests */ = {
			isa = PBXNativeTarget;
			buildConfigurationList = DD6C20391C762DCD00212B17 /* Build configuration list for PBXNativeTarget "WatchToDroneTests" */;
			buildPhases = (
				DD6C1FF71C762DCD00212B17 /* Sources */,
				DD6C1FF81C762DCD00212B17 /* Frameworks */,
				DD6C1FF91C762DCD00212B17 /* Resources */,
			);
			buildRules = (
			);
			dependencies = (
				DD6C1FFD1C762DCD00212B17 /* PBXTargetDependency */,
			);
			name = WatchToDroneTests;
			productName = WatchToDroneTests;
			productReference = DD6C1FFB1C762DCD00212B17 /* WatchToDroneTests.xctest */;
			productType = "com.apple.product-type.bundle.unit-test";
		};
		DD6C20051C762DCD00212B17 /* WatchToDroneUITests */ = {
			isa = PBXNativeTarget;
			buildConfigurationList = DD6C203C1C762DCD00212B17 /* Build configuration list for PBXNativeTarget "WatchToDroneUITests" */;
			buildPhases = (
				DD6C20021C762DCD00212B17 /* Sources */,
				DD6C20031C762DCD00212B17 /* Frameworks */,
				DD6C20041C762DCD00212B17 /* Resources */,
			);
			buildRules = (
			);
			dependencies = (
				DD6C20081C762DCD00212B17 /* PBXTargetDependency */,
			);
			name = WatchToDroneUITests;
			productName = WatchToDroneUITests;
			productReference = DD6C20061C762DCD00212B17 /* WatchToDroneUITests.xctest */;
			productType = "com.apple.product-type.bundle.ui-testing";
		};
		DD6C200E1C762DCD00212B17 /* WatchToDrone WatchKit App */ = {
			isa = PBXNativeTarget;
			buildConfigurationList = DD6C20321C762DCD00212B17 /* Build configuration list for PBXNativeTarget "WatchToDrone WatchKit App" */;
			buildPhases = (
				DD6C200D1C762DCD00212B17 /* Resources */,
				DD6C20311C762DCD00212B17 /* Embed App Extensions */,
			);
			buildRules = (
			);
			dependencies = (
				DD6C20211C762DCD00212B17 /* PBXTargetDependency */,
			);
			name = "WatchToDrone WatchKit App";
			productName = "WatchToDrone WatchKit App";
			productReference = DD6C200F1C762DCD00212B17 /* WatchToDrone WatchKit App.app */;
			productType = "com.apple.product-type.application.watchapp2";
		};
		DD6C201D1C762DCD00212B17 /* WatchToDrone WatchKit Extension */ = {
			isa = PBXNativeTarget;
			buildConfigurationList = DD6C202E1C762DCD00212B17 /* Build configuration list for PBXNativeTarget "WatchToDrone WatchKit Extension" */;
			buildPhases = (
				DD6C201A1C762DCD00212B17 /* Sources */,
				DD6C201B1C762DCD00212B17 /* Frameworks */,
				DD6C201C1C762DCD00212B17 /* Resources */,
			);
			buildRules = (
			);
			dependencies = (
			);
			name = "WatchToDrone WatchKit Extension";
			productName = "WatchToDrone WatchKit Extension";
			productReference = DD6C201E1C762DCD00212B17 /* WatchToDrone WatchKit Extension.appex */;
			productType = "com.apple.product-type.watchkit2-extension";
		};
/* End PBXNativeTarget section */

/* Begin PBXProject section */
		DD6C1FDA1C762DCC00212B17 /* Project object */ = {
			isa = PBXProject;
			attributes = {
				LastUpgradeCheck = 0720;
				ORGANIZATIONNAME = "Jackrabbit Mobile";
				TargetAttributes = {
					DD6C1FE11C762DCC00212B17 = {
						CreatedOnToolsVersion = 7.2.1;
						DevelopmentTeam = DB34EU8XZ5;
					};
					DD6C1FFA1C762DCD00212B17 = {
						CreatedOnToolsVersion = 7.2.1;
						TestTargetID = DD6C1FE11C762DCC00212B17;
					};
					DD6C20051C762DCD00212B17 = {
						CreatedOnToolsVersion = 7.2.1;
						TestTargetID = DD6C1FE11C762DCC00212B17;
					};
					DD6C200E1C762DCD00212B17 = {
						CreatedOnToolsVersion = 7.2.1;
					};
					DD6C201D1C762DCD00212B17 = {
						CreatedOnToolsVersion = 7.2.1;
					};
				};
			};
			buildConfigurationList = DD6C1FDD1C762DCC00212B17 /* Build configuration list for PBXProject "WatchToDrone" */;
			compatibilityVersion = "Xcode 3.2";
			developmentRegion = English;
			hasScannedForEncodings = 0;
			knownRegions = (
				en,
				Base,
			);
			mainGroup = DD6C1FD91C762DCC00212B17;
			productRefGroup = DD6C1FE31C762DCC00212B17 /* Products */;
			projectDirPath = "";
			projectRoot = "";
			targets = (
				DD6C1FE11C762DCC00212B17 /* WatchToDrone */,
				DD6C1FFA1C762DCD00212B17 /* WatchToDroneTests */,
				DD6C20051C762DCD00212B17 /* WatchToDroneUITests */,
				DD6C200E1C762DCD00212B17 /* WatchToDrone WatchKit App */,
				DD6C201D1C762DCD00212B17 /* WatchToDrone WatchKit Extension */,
			);
		};
/* End PBXProject section */

/* Begin PBXResourcesBuildPhase section */
		DD6C1FE01C762DCC00212B17 /* Resources */ = {
			isa = PBXResourcesBuildPhase;
			buildActionMask = 2147483647;
			files = (
				DD6C1FF51C762DCD00212B17 /* LaunchScreen.storyboard in Resources */,
				DD6C1FF21C762DCD00212B17 /* Assets.xcassets in Resources */,
				DD6C1FF01C762DCD00212B17 /* Main.storyboard in Resources */,
			);
			runOnlyForDeploymentPostprocessing = 0;
		};
		DD6C1FF91C762DCD00212B17 /* Resources */ = {
			isa = PBXResourcesBuildPhase;
			buildActionMask = 2147483647;
			files = (
			);
			runOnlyForDeploymentPostprocessing = 0;
		};
		DD6C20041C762DCD00212B17 /* Resources */ = {
			isa = PBXResourcesBuildPhase;
			buildActionMask = 2147483647;
			files = (
			);
			runOnlyForDeploymentPostprocessing = 0;
		};
		DD6C200D1C762DCD00212B17 /* Resources */ = {
			isa = PBXResourcesBuildPhase;
			buildActionMask = 2147483647;
			files = (
				DD6C20181C762DCD00212B17 /* Assets.xcassets in Resources */,
				DD6C20161C762DCD00212B17 /* Interface.storyboard in Resources */,
			);
			runOnlyForDeploymentPostprocessing = 0;
		};
		DD6C201C1C762DCD00212B17 /* Resources */ = {
			isa = PBXResourcesBuildPhase;
			buildActionMask = 2147483647;
			files = (
				DD6C202A1C762DCD00212B17 /* Assets.xcassets in Resources */,
			);
			runOnlyForDeploymentPostprocessing = 0;
		};
/* End PBXResourcesBuildPhase section */

/* Begin PBXSourcesBuildPhase section */
		DD6C1FDE1C762DCC00212B17 /* Sources */ = {
			isa = PBXSourcesBuildPhase;
			buildActionMask = 2147483647;
			files = (
				DD6C20411C76443D00212B17 /* PilotingViewController.m in Sources */,
				DD6C1FED1C762DCD00212B17 /* ViewController.m in Sources */,
				DD6C20441C764BB000212B17 /* DroneManager.m in Sources */,
				DD6C1FEA1C762DCD00212B17 /* AppDelegate.m in Sources */,
				DD6C1FE71C762DCD00212B17 /* main.m in Sources */,
			);
			runOnlyForDeploymentPostprocessing = 0;
		};
		DD6C1FF71C762DCD00212B17 /* Sources */ = {
			isa = PBXSourcesBuildPhase;
			buildActionMask = 2147483647;
			files = (
				DD6C20001C762DCD00212B17 /* WatchToDroneTests.m in Sources */,
			);
			runOnlyForDeploymentPostprocessing = 0;
		};
		DD6C20021C762DCD00212B17 /* Sources */ = {
			isa = PBXSourcesBuildPhase;
			buildActionMask = 2147483647;
			files = (
				DD6C200B1C762DCD00212B17 /* WatchToDroneUITests.m in Sources */,
			);
			runOnlyForDeploymentPostprocessing = 0;
		};
		DD6C201A1C762DCD00212B17 /* Sources */ = {
			isa = PBXSourcesBuildPhase;
			buildActionMask = 2147483647;
			files = (
				DD6C20281C762DCD00212B17 /* ExtensionDelegate.m in Sources */,
				DD6C20251C762DCD00212B17 /* InterfaceController.m in Sources */,
			);
			runOnlyForDeploymentPostprocessing = 0;
		};
/* End PBXSourcesBuildPhase section */

/* Begin PBXTargetDependency section */
		DD6C1FFD1C762DCD00212B17 /* PBXTargetDependency */ = {
			isa = PBXTargetDependency;
			target = DD6C1FE11C762DCC00212B17 /* WatchToDrone */;
			targetProxy = DD6C1FFC1C762DCD00212B17 /* PBXContainerItemProxy */;
		};
		DD6C20081C762DCD00212B17 /* PBXTargetDependency */ = {
			isa = PBXTargetDependency;
			target = DD6C1FE11C762DCC00212B17 /* WatchToDrone */;
			targetProxy = DD6C20071C762DCD00212B17 /* PBXContainerItemProxy */;
		};
		DD6C20121C762DCD00212B17 /* PBXTargetDependency */ = {
			isa = PBXTargetDependency;
			target = DD6C200E1C762DCD00212B17 /* WatchToDrone WatchKit App */;
			targetProxy = DD6C20111C762DCD00212B17 /* PBXContainerItemProxy */;
		};
		DD6C20211C762DCD00212B17 /* PBXTargetDependency */ = {
			isa = PBXTargetDependency;
			target = DD6C201D1C762DCD00212B17 /* WatchToDrone WatchKit Extension */;
			targetProxy = DD6C20201C762DCD00212B17 /* PBXContainerItemProxy */;
		};
/* End PBXTargetDependency section */

/* Begin PBXVariantGroup section */
		DD6C1FEE1C762DCD00212B17 /* Main.storyboard */ = {
			isa = PBXVariantGroup;
			children = (
				DD6C1FEF1C762DCD00212B17 /* Base */,
			);
			name = Main.storyboard;
			sourceTree = "<group>";
		};
		DD6C1FF31C762DCD00212B17 /* LaunchScreen.storyboard */ = {
			isa = PBXVariantGroup;
			children = (
				DD6C1FF41C762DCD00212B17 /* Base */,
			);
			name = LaunchScreen.storyboard;
			sourceTree = "<group>";
		};
		DD6C20141C762DCD00212B17 /* Interface.storyboard */ = {
			isa = PBXVariantGroup;
			children = (
				DD6C20151C762DCD00212B17 /* Base */,
			);
			name = Interface.storyboard;
			sourceTree = "<group>";
		};
/* End PBXVariantGroup section */

/* Begin XCBuildConfiguration section */
		DD6C202C1C762DCD00212B17 /* Debug */ = {
			isa = XCBuildConfiguration;
			buildSettings = {
				ALWAYS_SEARCH_USER_PATHS = NO;
				CLANG_CXX_LANGUAGE_STANDARD = "gnu++0x";
				CLANG_CXX_LIBRARY = "libc++";
				CLANG_ENABLE_MODULES = YES;
				CLANG_ENABLE_OBJC_ARC = YES;
				CLANG_WARN_BOOL_CONVERSION = YES;
				CLANG_WARN_CONSTANT_CONVERSION = YES;
				CLANG_WARN_DIRECT_OBJC_ISA_USAGE = YES_ERROR;
				CLANG_WARN_EMPTY_BODY = YES;
				CLANG_WARN_ENUM_CONVERSION = YES;
				CLANG_WARN_INT_CONVERSION = YES;
				CLANG_WARN_OBJC_ROOT_CLASS = YES_ERROR;
				CLANG_WARN_UNREACHABLE_CODE = YES;
				CLANG_WARN__DUPLICATE_METHOD_MATCH = YES;
				"CODE_SIGN_IDENTITY[sdk=iphoneos*]" = "iPhone Developer";
				COPY_PHASE_STRIP = NO;
				DEBUG_INFORMATION_FORMAT = dwarf;
				ENABLE_STRICT_OBJC_MSGSEND = YES;
				ENABLE_TESTABILITY = YES;
				GCC_C_LANGUAGE_STANDARD = gnu99;
				GCC_DYNAMIC_NO_PIC = NO;
				GCC_NO_COMMON_BLOCKS = YES;
				GCC_OPTIMIZATION_LEVEL = 0;
				GCC_PREPROCESSOR_DEFINITIONS = (
					"DEBUG=1",
					"$(inherited)",
				);
				GCC_WARN_64_TO_32_BIT_CONVERSION = YES;
				GCC_WARN_ABOUT_RETURN_TYPE = YES_ERROR;
				GCC_WARN_UNDECLARED_SELECTOR = YES;
				GCC_WARN_UNINITIALIZED_AUTOS = YES_AGGRESSIVE;
				GCC_WARN_UNUSED_FUNCTION = YES;
				GCC_WARN_UNUSED_VARIABLE = YES;
				IPHONEOS_DEPLOYMENT_TARGET = 9.2;
				MTL_ENABLE_DEBUG_INFO = YES;
				ONLY_ACTIVE_ARCH = YES;
				SDKROOT = iphoneos;
				TARGETED_DEVICE_FAMILY = "1,2";
			};
			name = Debug;
		};
		DD6C202D1C762DCD00212B17 /* Release */ = {
			isa = XCBuildConfiguration;
			buildSettings = {
				ALWAYS_SEARCH_USER_PATHS = NO;
				CLANG_CXX_LANGUAGE_STANDARD = "gnu++0x";
				CLANG_CXX_LIBRARY = "libc++";
				CLANG_ENABLE_MODULES = YES;
				CLANG_ENABLE_OBJC_ARC = YES;
				CLANG_WARN_BOOL_CONVERSION = YES;
				CLANG_WARN_CONSTANT_CONVERSION = YES;
				CLANG_WARN_DIRECT_OBJC_ISA_USAGE = YES_ERROR;
				CLANG_WARN_EMPTY_BODY = YES;
				CLANG_WARN_ENUM_CONVERSION = YES;
				CLANG_WARN_INT_CONVERSION = YES;
				CLANG_WARN_OBJC_ROOT_CLASS = YES_ERROR;
				CLANG_WARN_UNREACHABLE_CODE = YES;
				CLANG_WARN__DUPLICATE_METHOD_MATCH = YES;
				"CODE_SIGN_IDENTITY[sdk=iphoneos*]" = "iPhone Developer";
				COPY_PHASE_STRIP = NO;
				DEBUG_INFORMATION_FORMAT = "dwarf-with-dsym";
				ENABLE_NS_ASSERTIONS = NO;
				ENABLE_STRICT_OBJC_MSGSEND = YES;
				GCC_C_LANGUAGE_STANDARD = gnu99;
				GCC_NO_COMMON_BLOCKS = YES;
				GCC_WARN_64_TO_32_BIT_CONVERSION = YES;
				GCC_WARN_ABOUT_RETURN_TYPE = YES_ERROR;
				GCC_WARN_UNDECLARED_SELECTOR = YES;
				GCC_WARN_UNINITIALIZED_AUTOS = YES_AGGRESSIVE;
				GCC_WARN_UNUSED_FUNCTION = YES;
				GCC_WARN_UNUSED_VARIABLE = YES;
				IPHONEOS_DEPLOYMENT_TARGET = 9.2;
				MTL_ENABLE_DEBUG_INFO = NO;
				SDKROOT = iphoneos;
				TARGETED_DEVICE_FAMILY = "1,2";
				VALIDATE_PRODUCT = YES;
			};
			name = Release;
		};
		DD6C202F1C762DCD00212B17 /* Debug */ = {
			isa = XCBuildConfiguration;
			buildSettings = {
				INFOPLIST_FILE = "WatchToDrone WatchKit Extension/Info.plist";
				LD_RUNPATH_SEARCH_PATHS = "$(inherited) @executable_path/Frameworks @executable_path/../../Frameworks";
				PRODUCT_BUNDLE_IDENTIFIER = com.jackrabbitmobile.WatchToDrone.watchkitapp.watchkitextension;
				PRODUCT_NAME = "${TARGET_NAME}";
				SDKROOT = watchos;
				SKIP_INSTALL = YES;
				TARGETED_DEVICE_FAMILY = 4;
				WATCHOS_DEPLOYMENT_TARGET = 2.1;
			};
			name = Debug;
		};
		DD6C20301C762DCD00212B17 /* Release */ = {
			isa = XCBuildConfiguration;
			buildSettings = {
				INFOPLIST_FILE = "WatchToDrone WatchKit Extension/Info.plist";
				LD_RUNPATH_SEARCH_PATHS = "$(inherited) @executable_path/Frameworks @executable_path/../../Frameworks";
				PRODUCT_BUNDLE_IDENTIFIER = com.jackrabbitmobile.WatchToDrone.watchkitapp.watchkitextension;
				PRODUCT_NAME = "${TARGET_NAME}";
				SDKROOT = watchos;
				SKIP_INSTALL = YES;
				TARGETED_DEVICE_FAMILY = 4;
				WATCHOS_DEPLOYMENT_TARGET = 2.1;
			};
			name = Release;
		};
		DD6C20331C762DCD00212B17 /* Debug */ = {
			isa = XCBuildConfiguration;
			buildSettings = {
				ASSETCATALOG_COMPILER_APPICON_NAME = AppIcon;
				IBSC_MODULE = WatchToDrone_WatchKit_Extension;
				INFOPLIST_FILE = "WatchToDrone WatchKit App/Info.plist";
				PRODUCT_BUNDLE_IDENTIFIER = com.jackrabbitmobile.WatchToDrone.watchkitapp;
				PRODUCT_NAME = "$(TARGET_NAME)";
				SDKROOT = watchos;
				SKIP_INSTALL = YES;
				TARGETED_DEVICE_FAMILY = 4;
				WATCHOS_DEPLOYMENT_TARGET = 2.1;
			};
			name = Debug;
		};
		DD6C20341C762DCD00212B17 /* Release */ = {
			isa = XCBuildConfiguration;
			buildSettings = {
				ASSETCATALOG_COMPILER_APPICON_NAME = AppIcon;
				IBSC_MODULE = WatchToDrone_WatchKit_Extension;
				INFOPLIST_FILE = "WatchToDrone WatchKit App/Info.plist";
				PRODUCT_BUNDLE_IDENTIFIER = com.jackrabbitmobile.WatchToDrone.watchkitapp;
				PRODUCT_NAME = "$(TARGET_NAME)";
				SDKROOT = watchos;
				SKIP_INSTALL = YES;
				TARGETED_DEVICE_FAMILY = 4;
				WATCHOS_DEPLOYMENT_TARGET = 2.1;
			};
			name = Release;
		};
		DD6C20371C762DCD00212B17 /* Debug */ = {
			isa = XCBuildConfiguration;
			buildSettings = {
				ASSETCATALOG_COMPILER_APPICON_NAME = AppIcon;
				CODE_SIGN_IDENTITY = "iPhone Developer";
				ENABLE_BITCODE = NO;
				"HEADER_SEARCH_PATHS[sdk=iphoneos*]" = "\"$(SRCROOT)/ARSDK3_iOS_3_8_2/iOS-iphoneos/staging/usr/include\"";
				"HEADER_SEARCH_PATHS[sdk=iphonesimulator*]" = "\"$(SRCROOT)/ARSDK3_iOS_3_8_2/iOS-iphonesimulator/staging/usr/include\"";
				INFOPLIST_FILE = WatchToDrone/Info.plist;
				IPHONEOS_DEPLOYMENT_TARGET = 8.1;
				LD_RUNPATH_SEARCH_PATHS = "$(inherited) @executable_path/Frameworks";
				"LIBRARY_SEARCH_PATHS[sdk=iphoneos*]" = "\"$(SRCROOT)/ARSDK3_iOS_3_8_2/iOS-iphoneos/staging/usr/lib\"";
				"LIBRARY_SEARCH_PATHS[sdk=iphonesimulator*]" = "\"$(SRCROOT)/ARSDK3_iOS_3_8_2/iOS-iphonesimulator/staging/usr/lib\"";
				OTHER_LDFLAGS = (
					"-larnetworkal",
					"-larnetwork",
					"-lardiscovery",
					"-larcontroller",
					"-larcommands",
					"-larsal",
					"-larstream",
					"-larstream2",
					"-larmavlink",
					"-ljson",
				);
				PRODUCT_BUNDLE_IDENTIFIER = com.jackrabbitmobile.WatchToDrone;
				PRODUCT_NAME = "$(TARGET_NAME)";
			};
			name = Debug;
		};
		DD6C20381C762DCD00212B17 /* Release */ = {
			isa = XCBuildConfiguration;
			buildSettings = {
				ASSETCATALOG_COMPILER_APPICON_NAME = AppIcon;
				CODE_SIGN_IDENTITY = "iPhone Developer";
				ENABLE_BITCODE = NO;
				"HEADER_SEARCH_PATHS[sdk=iphoneos*]" = "\"$(SRCROOT)/ARSDK3_iOS_3_8_2/iOS-iphonesimulator/staging/usr/include\"";
				"HEADER_SEARCH_PATHS[sdk=iphonesimulator*]" = "\"$(SRCROOT)/ARSDK3_iOS_3_8_2/iOS-iphonesimulator/staging/usr/include\"";
				INFOPLIST_FILE = WatchToDrone/Info.plist;
				IPHONEOS_DEPLOYMENT_TARGET = 8.1;
				LD_RUNPATH_SEARCH_PATHS = "$(inherited) @executable_path/Frameworks";
				"LIBRARY_SEARCH_PATHS[sdk=iphoneos*]" = "\"$(SRCROOT)/ARSDK3_iOS_3_8/iOS-iphoneos/staging/usr/lib\"";
				"LIBRARY_SEARCH_PATHS[sdk=iphonesimulator*]" = "\"$(SRCROOT)/ARSDK3_iOS_3_8/iOS-iphoneos/staging/usr/lib\"";
				OTHER_LDFLAGS = (
					"-larnetworkal",
					"-larnetwork",
					"-lardiscovery",
					"-larcontroller",
					"-larcommands",
					"-larsal",
					"-larstream",
					"-larstream2",
					"-larmavlink",
					"-ljson",
				);
				PRODUCT_BUNDLE_IDENTIFIER = com.jackrabbitmobile.WatchToDrone;
				PRODUCT_NAME = "$(TARGET_NAME)";
			};
			name = Release;
		};
		DD6C203A1C762DCD00212B17 /* Debug */ = {
			isa = XCBuildConfiguration;
			buildSettings = {
				BUNDLE_LOADER = "$(TEST_HOST)";
				INFOPLIST_FILE = WatchToDroneTests/Info.plist;
				LD_RUNPATH_SEARCH_PATHS = "$(inherited) @executable_path/Frameworks @loader_path/Frameworks";
				PRODUCT_BUNDLE_IDENTIFIER = com.jackrabbitmobile.WatchToDroneTests;
				PRODUCT_NAME = "$(TARGET_NAME)";
				TEST_HOST = "$(BUILT_PRODUCTS_DIR)/WatchToDrone.app/WatchToDrone";
			};
			name = Debug;
		};
		DD6C203B1C762DCD00212B17 /* Release */ = {
			isa = XCBuildConfiguration;
			buildSettings = {
				BUNDLE_LOADER = "$(TEST_HOST)";
				INFOPLIST_FILE = WatchToDroneTests/Info.plist;
				LD_RUNPATH_SEARCH_PATHS = "$(inherited) @executable_path/Frameworks @loader_path/Frameworks";
				PRODUCT_BUNDLE_IDENTIFIER = com.jackrabbitmobile.WatchToDroneTests;
				PRODUCT_NAME = "$(TARGET_NAME)";
				TEST_HOST = "$(BUILT_PRODUCTS_DIR)/WatchToDrone.app/WatchToDrone";
			};
			name = Release;
		};
		DD6C203D1C762DCD00212B17 /* Debug */ = {
			isa = XCBuildConfiguration;
			buildSettings = {
				INFOPLIST_FILE = WatchToDroneUITests/Info.plist;
				LD_RUNPATH_SEARCH_PATHS = "$(inherited) @executable_path/Frameworks @loader_path/Frameworks";
				PRODUCT_BUNDLE_IDENTIFIER = com.jackrabbitmobile.WatchToDroneUITests;
				PRODUCT_NAME = "$(TARGET_NAME)";
				TEST_TARGET_NAME = WatchToDrone;
				USES_XCTRUNNER = YES;
			};
			name = Debug;
		};
		DD6C203E1C762DCD00212B17 /* Release */ = {
			isa = XCBuildConfiguration;
			buildSettings = {
				INFOPLIST_FILE = WatchToDroneUITests/Info.plist;
				LD_RUNPATH_SEARCH_PATHS = "$(inherited) @executable_path/Frameworks @loader_path/Frameworks";
				PRODUCT_BUNDLE_IDENTIFIER = com.jackrabbitmobile.WatchToDroneUITests;
				PRODUCT_NAME = "$(TARGET_NAME)";
				TEST_TARGET_NAME = WatchToDrone;
				USES_XCTRUNNER = YES;
			};
			name = Release;
		};
/* End XCBuildConfiguration section */

/* Begin XCConfigurationList section */
		DD6C1FDD1C762DCC00212B17 /* Build configuration list for PBXProject "WatchToDrone" */ = {
			isa = XCConfigurationList;
			buildConfigurations = (
				DD6C202C1C762DCD00212B17 /* Debug */,
				DD6C202D1C762DCD00212B17 /* Release */,
			);
			defaultConfigurationIsVisible = 0;
			defaultConfigurationName = Release;
		};
		DD6C202E1C762DCD00212B17 /* Build configuration list for PBXNativeTarget "WatchToDrone WatchKit Extension" */ = {
			isa = XCConfigurationList;
			buildConfigurations = (
				DD6C202F1C762DCD00212B17 /* Debug */,
				DD6C20301C762DCD00212B17 /* Release */,
			);
			defaultConfigurationIsVisible = 0;
		};
		DD6C20321C762DCD00212B17 /* Build configuration list for PBXNativeTarget "WatchToDrone WatchKit App" */ = {
			isa = XCConfigurationList;
			buildConfigurations = (
				DD6C20331C762DCD00212B17 /* Debug */,
				DD6C20341C762DCD00212B17 /* Release */,
			);
			defaultConfigurationIsVisible = 0;
		};
		DD6C20361C762DCD00212B17 /* Build configuration list for PBXNativeTarget "WatchToDrone" */ = {
			isa = XCConfigurationList;
			buildConfigurations = (
				DD6C20371C762DCD00212B17 /* Debug */,
				DD6C20381C762DCD00212B17 /* Release */,
			);
			defaultConfigurationIsVisible = 0;
		};
		DD6C20391C762DCD00212B17 /* Build configuration list for PBXNativeTarget "WatchToDroneTests" */ = {
			isa = XCConfigurationList;
			buildConfigurations = (
				DD6C203A1C762DCD00212B17 /* Debug */,
				DD6C203B1C762DCD00212B17 /* Release */,
			);
			defaultConfigurationIsVisible = 0;
		};
		DD6C203C1C762DCD00212B17 /* Build configuration list for PBXNativeTarget "WatchToDroneUITests" */ = {
			isa = XCConfigurationList;
			buildConfigurations = (
				DD6C203D1C762DCD00212B17 /* Debug */,
				DD6C203E1C762DCD00212B17 /* Release */,
			);
			defaultConfigurationIsVisible = 0;
		};
/* End XCConfigurationList section */
	};
	rootObject = DD6C1FDA1C762DCC00212B17 /* Project object */;
}
